# This file is automatically @generated by Cargo.
# It is not intended for manual editing.
version = 4

[[package]]
name = "litter-hub"
version = "0.1.0"
dependencies = [
 "litter-wire",
]

[[package]]
name = "litter-wire"
version = "0.1.0"
dependencies = [
 "nojson",
]

[[package]]
name = "nojson"
version = "0.3.15"
source = "registry+https://github.com/rust-lang/crates.io-index"
checksum = "1d7473c448719d0214889f9ff75d4cdb6cf96582e4a9058e6eb2a52dc8d342ae"
