# This file is automatically @generated by Cargo.
# It is not intended for manual editing.
version = 4

[[package]]
name = "echo2"
version = "0.1.0"
dependencies = [
 "libakuma",
]

[[package]]
name = "elftest"
version = "0.1.0"
dependencies = [
 "libakuma",
]

[[package]]
name = "format_no_std"
version = "1.2.0"
source = "registry+https://github.com/rust-lang/crates.io-index"
checksum = "9ae45e32b0bfe2c62c805f8e87027b5aa08562000326edbc5b421ab6d92873a7"

[[package]]
name = "hello"
version = "0.1.0"
dependencies = [
 "format_no_std",
 "libakuma",
]

[[package]]
name = "httpd"
version = "0.1.0"
dependencies = [
 "libakuma",
]

[[package]]
name = "libakuma"
version = "0.1.0"

[[package]]
name = "stackstress"
version = "0.1.0"
dependencies = [
 "libakuma",
]

[[package]]
name = "stdcheck"
version = "0.1.0"
dependencies = [
 "libakuma",
]

[[package]]
name = "wget"
version = "0.1.0"
dependencies = [
 "libakuma",
]
